
Microsoft Visual Studio Solution File, Format Version 12.00
# Visual Studio Version 17
VisualStudioVersion = 17.3.32819.101
MinimumVisualStudioVersion = 10.0.40219.1
Project("{9A19103F-16F7-4668-BE54-9A1E7A4F7556}") = "FSGaryityTool_Win11", "FSGaryityTool_Win11\FSGaryityTool_Win11.csproj", "{6DC7F8D2-BAFF-4EBF-872A-49532EF6578D}"
EndProject
Project("{9A19103F-16F7-4668-BE54-9A1E7A4F7556}") = "ClevoEcControlinfo", "ClevoEcControlinfo\ClevoEcControlinfo.csproj", "{31F140A7-D768-40B0-8B04-7DA8483EFCD4}"
EndProject
Global
	GlobalSection(SolutionConfigurationPlatforms) = preSolution
		Debug|Any CPU = Debug|Any CPU
		Debug|arm64 = Debug|arm64
		Debug|x64 = Debug|x64
		Debug|x86 = Debug|x86
		Release|Any CPU = Release|Any CPU
		Release|arm64 = Release|arm64
		Release|x64 = Release|x64
		Release|x86 = Release|x86
	EndGlobalSection
	GlobalSection(ProjectConfigurationPlatforms) = postSolution
		{6DC7F8D2-BAFF-4EBF-872A-49532EF6578D}.Debug|Any CPU.ActiveCfg = Debug|x64
		{6DC7F8D2-BAFF-4EBF-872A-49532EF6578D}.Debug|Any CPU.Build.0 = Debug|x64
		{6DC7F8D2-BAFF-4EBF-872A-49532EF6578D}.Debug|Any CPU.Deploy.0 = Debug|x64
		{6DC7F8D2-BAFF-4EBF-872A-49532EF6578D}.Debug|arm64.ActiveCfg = Debug|arm64
		{6DC7F8D2-BAFF-4EBF-872A-49532EF6578D}.Debug|arm64.Build.0 = Debug|arm64
		{6DC7F8D2-BAFF-4EBF-872A-49532EF6578D}.Debug|arm64.Deploy.0 = Debug|arm64
		{6DC7F8D2-BAFF-4EBF-872A-49532EF6578D}.Debug|x64.ActiveCfg = Debug|x64
		{6DC7F8D2-BAFF-4EBF-872A-49532EF6578D}.Debug|x64.Build.0 = Debug|x64
		{6DC7F8D2-BAFF-4EBF-872A-49532EF6578D}.Debug|x64.Deploy.0 = Debug|x64
		{6DC7F8D2-BAFF-4EBF-872A-49532EF6578D}.Debug|x86.ActiveCfg = Debug|x86
		{6DC7F8D2-BAFF-4EBF-872A-49532EF6578D}.Debug|x86.Build.0 = Debug|x86
		{6DC7F8D2-BAFF-4EBF-872A-49532EF6578D}.Debug|x86.Deploy.0 = Debug|x86
		{6DC7F8D2-BAFF-4EBF-872A-49532EF6578D}.Release|Any CPU.ActiveCfg = Release|x64
		{6DC7F8D2-BAFF-4EBF-872A-49532EF6578D}.Release|Any CPU.Build.0 = Release|x64
		{6DC7F8D2-BAFF-4EBF-872A-49532EF6578D}.Release|Any CPU.Deploy.0 = Release|x64
		{6DC7F8D2-BAFF-4EBF-872A-49532EF6578D}.Release|arm64.ActiveCfg = Release|arm64
		{6DC7F8D2-BAFF-4EBF-872A-49532EF6578D}.Release|arm64.Build.0 = Release|arm64
		{6DC7F8D2-BAFF-4EBF-872A-49532EF6578D}.Release|arm64.Deploy.0 = Release|arm64
		{6DC7F8D2-BAFF-4EBF-872A-49532EF6578D}.Release|x64.ActiveCfg = Release|x64
		{6DC7F8D2-BAFF-4EBF-872A-49532EF6578D}.Release|x64.Build.0 = Release|x64
		{6DC7F8D2-BAFF-4EBF-872A-49532EF6578D}.Release|x64.Deploy.0 = Release|x64
		{6DC7F8D2-BAFF-4EBF-872A-49532EF6578D}.Release|x86.ActiveCfg = Release|x86
		{6DC7F8D2-BAFF-4EBF-872A-49532EF6578D}.Release|x86.Build.0 = Release|x86
		{6DC7F8D2-BAFF-4EBF-872A-49532EF6578D}.Release|x86.Deploy.0 = Release|x86
		{31F140A7-D768-40B0-8B04-7DA8483EFCD4}.Debug|Any CPU.ActiveCfg = Debug|Any CPU
		{31F140A7-D768-40B0-8B04-7DA8483EFCD4}.Debug|Any CPU.Build.0 = Debug|Any CPU
		{31F140A7-D768-40B0-8B04-7DA8483EFCD4}.Debug|arm64.ActiveCfg = Debug|Any CPU
		{31F140A7-D768-40B0-8B04-7DA8483EFCD4}.Debug|arm64.Build.0 = Debug|Any CPU
		{31F140A7-D768-40B0-8B04-7DA8483EFCD4}.Debug|x64.ActiveCfg = Debug|Any CPU
		{31F140A7-D768-40B0-8B04-7DA8483EFCD4}.Debug|x64.Build.0 = Debug|Any CPU
		{31F140A7-D768-40B0-8B04-7DA8483EFCD4}.Debug|x86.ActiveCfg = Debug|Any CPU
		{31F140A7-D768-40B0-8B04-7DA8483EFCD4}.Debug|x86.Build.0 = Debug|Any CPU
		{31F140A7-D768-40B0-8B04-7DA8483EFCD4}.Release|Any CPU.ActiveCfg = Release|Any CPU
		{31F140A7-D768-40B0-8B04-7DA8483EFCD4}.Release|Any CPU.Build.0 = Release|Any CPU
		{31F140A7-D768-40B0-8B04-7DA8483EFCD4}.Release|arm64.ActiveCfg = Release|Any CPU
		{31F140A7-D768-40B0-8B04-7DA8483EFCD4}.Release|arm64.Build.0 = Release|Any CPU
		{31F140A7-D768-40B0-8B04-7DA8483EFCD4}.Release|x64.ActiveCfg = Release|Any CPU
		{31F140A7-D768-40B0-8B04-7DA8483EFCD4}.Release|x64.Build.0 = Release|Any CPU
		{31F140A7-D768-40B0-8B04-7DA8483EFCD4}.Release|x86.ActiveCfg = Release|Any CPU
		{31F140A7-D768-40B0-8B04-7DA8483EFCD4}.Release|x86.Build.0 = Release|Any CPU
	EndGlobalSection
	GlobalSection(SolutionProperties) = preSolution
		HideSolutionNode = FALSE
	EndGlobalSection
	GlobalSection(ExtensibilityGlobals) = postSolution
		SolutionGuid = {A2D38D0B-5A20-4A4E-8F51-B2B49C564B7B}
	EndGlobalSection
EndGlobal
